// !$*UTF8*$!
{
	archiveVersion = 1;
	classes = {
	};
	objectVersion = 46;
	objects = {

/* Begin PBXBuildFile section */
		466BCB821D9F162D00DDC88D /* AppDelegate.swift in Sources */ = {isa = PBXBuildFile; fileRef = 466BCB811D9F162D00DDC88D /* AppDelegate.swift */; };
		466BCB841D9F162D00DDC88D /* ViewController.swift in Sources */ = {isa = PBXBuildFile; fileRef = 466BCB831D9F162D00DDC88D /* ViewController.swift */; };
		466BCB891D9F162D00DDC88D /* Assets.xcassets in Resources */ = {isa = PBXBuildFile; fileRef = 466BCB881D9F162D00DDC88D /* Assets.xcassets */; };
		466BCB8C1D9F162D00DDC88D /* LaunchScreen.storyboard in Resources */ = {isa = PBXBuildFile; fileRef = 466BCB8A1D9F162D00DDC88D /* LaunchScreen.storyboard */; };
		466BCB971D9F162D00DDC88D /* DemoWorkTests.swift in Sources */ = {isa = PBXBuildFile; fileRef = 466BCB961D9F162D00DDC88D /* DemoWorkTests.swift */; };
		466BCBA21D9F162D00DDC88D /* DemoWorkUITests.swift in Sources */ = {isa = PBXBuildFile; fileRef = 466BCBA11D9F162D00DDC88D /* DemoWorkUITests.swift */; };
		466BCBB01D9F164E00DDC88D /* ViewPhoto.swift in Sources */ = {isa = PBXBuildFile; fileRef = 466BCBAF1D9F164E00DDC88D /* ViewPhoto.swift */; };
		466BCBB21D9F165300DDC88D /* PhotoThumbnail.swift in Sources */ = {isa = PBXBuildFile; fileRef = 466BCBB11D9F165300DDC88D /* PhotoThumbnail.swift */; };
		466BCBB41D9F166000DDC88D /* CIImage+extension.swift in Sources */ = {isa = PBXBuildFile; fileRef = 466BCBB31D9F166000DDC88D /* CIImage+extension.swift */; };
		466BCBB61D9F167C00DDC88D /* Main.storyboard in Resources */ = {isa = PBXBuildFile; fileRef = 466BCBB51D9F167C00DDC88D /* Main.storyboard */; };
		466BCBBA1D9F21DC00DDC88D /* DemoViewcontroller.swift in Sources */ = {isa = PBXBuildFile; fileRef = 466BCBB91D9F21DC00DDC88D /* DemoViewcontroller.swift */; };
/* End PBXBuildFile section */

/* Begin PBXContainerItemProxy section */
		466BCB931D9F162D00DDC88D /* PBXContainerItemProxy */ = {
			isa = PBXContainerItemProxy;
			containerPortal = 466BCB761D9F162D00DDC88D /* Project object */;
			proxyType = 1;
			remoteGlobalIDString = 466BCB7D1D9F162D00DDC88D;
			remoteInfo = DemoWork;
		};
		466BCB9E1D9F162D00DDC88D /* PBXContainerItemProxy */ = {
			isa = PBXContainerItemProxy;
			containerPortal = 466BCB761D9F162D00DDC88D /* Project object */;
			proxyType = 1;
			remoteGlobalIDString = 466BCB7D1D9F162D00DDC88D;
			remoteInfo = DemoWork;
		};
/* End PBXContainerItemProxy section */

/* Begin PBXFileReference section */
		466BCB7E1D9F162D00DDC88D /* DemoWork.app */ = {isa = PBXFileReference; explicitFileType = wrapper.application; includeInIndex = 0; path = DemoWork.app; sourceTree = BUILT_PRODUCTS_DIR; };
		466BCB811D9F162D00DDC88D /* AppDelegate.swift */ = {isa = PBXFileReference; lastKnownFileType = sourcecode.swift; path = AppDelegate.swift; sourceTree = "<group>"; };
		466BCB831D9F162D00DDC88D /* ViewController.swift */ = {isa = PBXFileReference; lastKnownFileType = sourcecode.swift; path = ViewController.swift; sourceTree = "<group>"; };
		466BCB881D9F162D00DDC88D /* Assets.xcassets */ = {isa = PBXFileReference; lastKnownFileType = folder.assetcatalog; path = Assets.xcassets; sourceTree = "<group>"; };
		466BCB8B1D9F162D00DDC88D /* Base */ = {isa = PBXFileReference; lastKnownFileType = file.storyboard; name = Base; path = Base.lproj/LaunchScreen.storyboard; sourceTree = "<group>"; };
		466BCB8D1D9F162D00DDC88D /* Info.plist */ = {isa = PBXFileReference; lastKnownFileType = text.plist.xml; path = Info.plist; sourceTree = "<group>"; };
		466BCB921D9F162D00DDC88D /* DemoWorkTests.xctest */ = {isa = PBXFileReference; explicitFileType = wrapper.cfbundle; includeInIndex = 0; path = DemoWorkTests.xctest; sourceTree = BUILT_PRODUCTS_DIR; };
		466BCB961D9F162D00DDC88D /* DemoWorkTests.swift */ = {isa = PBXFileReference; lastKnownFileType = sourcecode.swift; path = DemoWorkTests.swift; sourceTree = "<group>"; };
		466BCB981D9F162D00DDC88D /* Info.plist */ = {isa = PBXFileReference; lastKnownFileType = text.plist.xml; path = Info.plist; sourceTree = "<group>"; };
		466BCB9D1D9F162D00DDC88D /* DemoWorkUITests.xctest */ = {isa = PBXFileReference; explicitFileType = wrapper.cfbundle; includeInIndex = 0; path = DemoWorkUITests.xctest; sourceTree = BUILT_PRODUCTS_DIR; };
		466BCBA11D9F162D00DDC88D /* DemoWorkUITests.swift */ = {isa = PBXFileReference; lastKnownFileType = sourcecode.swift; path = DemoWorkUITests.swift; sourceTree = "<group>"; };
		466BCBA31D9F162D00DDC88D /* Info.plist */ = {isa = PBXFileReference; lastKnownFileType = text.plist.xml; path = Info.plist; sourceTree = "<group>"; };
		466BCBAF1D9F164E00DDC88D /* ViewPhoto.swift */ = {isa = PBXFileReference; fileEncoding = 4; lastKnownFileType = sourcecode.swift; path = ViewPhoto.swift; sourceTree = "<group>"; };
		466BCBB11D9F165300DDC88D /* PhotoThumbnail.swift */ = {isa = PBXFileReference; fileEncoding = 4; lastKnownFileType = sourcecode.swift; path = PhotoThumbnail.swift; sourceTree = "<group>"; };
		466BCBB31D9F166000DDC88D /* CIImage+extension.swift */ = {isa = PBXFileReference; fileEncoding = 4; lastKnownFileType = sourcecode.swift; path = "CIImage+extension.swift"; sourceTree = "<group>"; };
		466BCBB51D9F167C00DDC88D /* Main.storyboard */ = {isa = PBXFileReference; fileEncoding = 4; lastKnownFileType = file.storyboard; path = Main.storyboard; sourceTree = "<group>"; };
		466BCBB91D9F21DC00DDC88D /* DemoViewcontroller.swift */ = {isa = PBXFileReference; fileEncoding = 4; lastKnownFileType = sourcecode.swift; path = DemoViewcontroller.swift; sourceTree = "<group>"; };
/* End PBXFileReference section */

/* Begin PBXFrameworksBuildPhase section */
		466BCB7B1D9F162D00DDC88D /* Frameworks */ = {
			isa = PBXFrameworksBuildPhase;
			buildActionMask = 2147483647;
			files = (
			);
			runOnlyForDeploymentPostprocessing = 0;
		};
		466BCB8F1D9F162D00DDC88D /* Frameworks */ = {
			isa = PBXFrameworksBuildPhase;
			buildActionMask = 2147483647;
			files = (
			);
			runOnlyForDeploymentPostprocessing = 0;
		};
		466BCB9A1D9F162D00DDC88D /* Frameworks */ = {
			isa = PBXFrameworksBuildPhase;
			buildActionMask = 2147483647;
			files = (
			);
			runOnlyForDeploymentPostprocessing = 0;
		};
/* End PBXFrameworksBuildPhase section */

/* Begin PBXGroup section */
		466BCB751D9F162D00DDC88D = {
			isa = PBXGroup;
			children = (
				466BCB801D9F162D00DDC88D /* DemoWork */,
				466BCB951D9F162D00DDC88D /* DemoWorkTests */,
				466BCBA01D9F162D00DDC88D /* DemoWorkUITests */,
				466BCB7F1D9F162D00DDC88D /* Products */,
			);
			sourceTree = "<group>";
		};
		466BCB7F1D9F162D00DDC88D /* Products */ = {
			isa = PBXGroup;
			children = (
				466BCB7E1D9F162D00DDC88D /* DemoWork.app */,
				466BCB921D9F162D00DDC88D /* DemoWorkTests.xctest */,
				466BCB9D1D9F162D00DDC88D /* DemoWorkUITests.xctest */,
			);
			name = Products;
			sourceTree = "<group>";
		};
		466BCB801D9F162D00DDC88D /* DemoWork */ = {
			isa = PBXGroup;
			children = (
				466BCB811D9F162D00DDC88D /* AppDelegate.swift */,
				466BCBB91D9F21DC00DDC88D /* DemoViewcontroller.swift */,
				466BCBB51D9F167C00DDC88D /* Main.storyboard */,
				466BCBC11D9F2C3700DDC88D /* PhotoUI */,
				466BCB881D9F162D00DDC88D /* Assets.xcassets */,
				466BCB8A1D9F162D00DDC88D /* LaunchScreen.storyboard */,
				466BCB8D1D9F162D00DDC88D /* Info.plist */,
			);
			path = DemoWork;
			sourceTree = "<group>";
		};
		466BCB951D9F162D00DDC88D /* DemoWorkTests */ = {
			isa = PBXGroup;
			children = (
				466BCB961D9F162D00DDC88D /* DemoWorkTests.swift */,
				466BCB981D9F162D00DDC88D /* Info.plist */,
			);
			path = DemoWorkTests;
			sourceTree = "<group>";
		};
		466BCBA01D9F162D00DDC88D /* DemoWorkUITests */ = {
			isa = PBXGroup;
			children = (
				466BCBA11D9F162D00DDC88D /* DemoWorkUITests.swift */,
				466BCBA31D9F162D00DDC88D /* Info.plist */,
			);
			path = DemoWorkUITests;
			sourceTree = "<group>";
		};
		466BCBC11D9F2C3700DDC88D /* PhotoUI */ = {
			isa = PBXGroup;
			children = (
				466BCB831D9F162D00DDC88D /* ViewController.swift */,
				466BCBAF1D9F164E00DDC88D /* ViewPhoto.swift */,
				466BCBB11D9F165300DDC88D /* PhotoThumbnail.swift */,
				466BCBB31D9F166000DDC88D /* CIImage+extension.swift */,
			);
			name = PhotoUI;
			sourceTree = "<group>";
		};
/* End PBXGroup section */

/* Begin PBXNativeTarget section */
		466BCB7D1D9F162D00DDC88D /* DemoWork */ = {
			isa = PBXNativeTarget;
			buildConfigurationList = 466BCBA61D9F162D00DDC88D /* Build configuration list for PBXNativeTarget "DemoWork" */;
			buildPhases = (
				466BCB7A1D9F162D00DDC88D /* Sources */,
				466BCB7B1D9F162D00DDC88D /* Frameworks */,
				466BCB7C1D9F162D00DDC88D /* Resources */,
			);
			buildRules = (
			);
			dependencies = (
			);
			name = DemoWork;
			productName = DemoWork;
			productReference = 466BCB7E1D9F162D00DDC88D /* DemoWork.app */;
			productType = "com.apple.product-type.application";
		};
		466BCB911D9F162D00DDC88D /* DemoWorkTests */ = {
			isa = PBXNativeTarget;
			buildConfigurationList = 466BCBA91D9F162D00DDC88D /* Build configuration list for PBXNativeTarget "DemoWorkTests" */;
			buildPhases = (
				466BCB8E1D9F162D00DDC88D /* Sources */,
				466BCB8F1D9F162D00DDC88D /* Frameworks */,
				466BCB901D9F162D00DDC88D /* Resources */,
			);
			buildRules = (
			);
			dependencies = (
				466BCB941D9F162D00DDC88D /* PBXTargetDependency */,
			);
			name = DemoWorkTests;
			productName = DemoWorkTests;
			productReference = 466BCB921D9F162D00DDC88D /* DemoWorkTests.xctest */;
			productType = "com.apple.product-type.bundle.unit-test";
		};
		466BCB9C1D9F162D00DDC88D /* DemoWorkUITests */ = {
			isa = PBXNativeTarget;
			buildConfigurationList = 466BCBAC1D9F162D00DDC88D /* Build configuration list for PBXNativeTarget "DemoWorkUITests" */;
			buildPhases = (
				466BCB991D9F162D00DDC88D /* Sources */,
				466BCB9A1D9F162D00DDC88D /* Frameworks */,
				466BCB9B1D9F162D00DDC88D /* Resources */,
			);
			buildRules = (
			);
			dependencies = (
				466BCB9F1D9F162D00DDC88D /* PBXTargetDependency */,
			);
			name = DemoWorkUITests;
			productName = DemoWorkUITests;
			productReference = 466BCB9D1D9F162D00DDC88D /* DemoWorkUITests.xctest */;
			productType = "com.apple.product-type.bundle.ui-testing";
		};
/* End PBXNativeTarget section */

/* Begin PBXProject section */
		466BCB761D9F162D00DDC88D /* Project object */ = {
			isa = PBXProject;
			attributes = {
				LastSwiftUpdateCheck = 0730;
				LastUpgradeCheck = 0730;
				ORGANIZATIONNAME = "Chandan Kumar";
				TargetAttributes = {
					466BCB7D1D9F162D00DDC88D = {
						CreatedOnToolsVersion = 7.3;
						LastSwiftMigration = 0800;
					};
					466BCB911D9F162D00DDC88D = {
						CreatedOnToolsVersion = 7.3;
						LastSwiftMigration = 0800;
						TestTargetID = 466BCB7D1D9F162D00DDC88D;
					};
					466BCB9C1D9F162D00DDC88D = {
						CreatedOnToolsVersion = 7.3;
						LastSwiftMigration = 0800;
						TestTargetID = 466BCB7D1D9F162D00DDC88D;
					};
				};
			};
			buildConfigurationList = 466BCB791D9F162D00DDC88D /* Build configuration list for PBXProject "DemoWork" */;
			compatibilityVersion = "Xcode 3.2";
			developmentRegion = English;
			hasScannedForEncodings = 0;
			knownRegions = (
				en,
				Base,
			);
			mainGroup = 466BCB751D9F162D00DDC88D;
			productRefGroup = 466BCB7F1D9F162D00DDC88D /* Products */;
			projectDirPath = "";
			projectRoot = "";
			targets = (
				466BCB7D1D9F162D00DDC88D /* DemoWork */,
				466BCB911D9F162D00DDC88D /* DemoWorkTests */,
				466BCB9C1D9F162D00DDC88D /* DemoWorkUITests */,
			);
		};
/* End PBXProject section */

/* Begin PBXResourcesBuildPhase section */
		466BCB7C1D9F162D00DDC88D /* Resources */ = {
			isa = PBXResourcesBuildPhase;
			buildActionMask = 2147483647;
			files = (
				466BCBB61D9F167C00DDC88D /* Main.storyboard in Resources */,
				466BCB8C1D9F162D00DDC88D /* LaunchScreen.storyboard in Resources */,
				466BCB891D9F162D00DDC88D /* Assets.xcassets in Resources */,
			);
			runOnlyForDeploymentPostprocessing = 0;
		};
		466BCB901D9F162D00DDC88D /* Resources */ = {
			isa = PBXResourcesBuildPhase;
			buildActionMask = 2147483647;
			files = (
			);
			runOnlyForDeploymentPostprocessing = 0;
		};
		466BCB9B1D9F162D00DDC88D /* Resources */ = {
			isa = PBXResourcesBuildPhase;
			buildActionMask = 2147483647;
			files = (
			);
			runOnlyForDeploymentPostprocessing = 0;
		};
/* End PBXResourcesBuildPhase section */

/* Begin PBXSourcesBuildPhase section */
		466BCB7A1D9F162D00DDC88D /* Sources */ = {
			isa = PBXSourcesBuildPhase;
			buildActionMask = 2147483647;
			files = (
				466BCB841D9F162D00DDC88D /* ViewController.swift in Sources */,
				466BCBB21D9F165300DDC88D /* PhotoThumbnail.swift in Sources */,
				466BCBB01D9F164E00DDC88D /* ViewPhoto.swift in Sources */,
				466BCBB41D9F166000DDC88D /* CIImage+extension.swift in Sources */,
				466BCB821D9F162D00DDC88D /* AppDelegate.swift in Sources */,
				466BCBBA1D9F21DC00DDC88D /* DemoViewcontroller.swift in Sources */,
			);
			runOnlyForDeploymentPostprocessing = 0;
		};
		466BCB8E1D9F162D00DDC88D /* Sources */ = {
			isa = PBXSourcesBuildPhase;
			buildActionMask = 2147483647;
			files = (
				466BCB971D9F162D00DDC88D /* DemoWorkTests.swift in Sources */,
			);
			runOnlyForDeploymentPostprocessing = 0;
		};
		466BCB991D9F162D00DDC88D /* Sources */ = {
			isa = PBXSourcesBuildPhase;
			buildActionMask = 2147483647;
			files = (
				466BCBA21D9F162D00DDC88D /* DemoWorkUITests.swift in Sources */,
			);
			runOnlyForDeploymentPostprocessing = 0;
		};
/* End PBXSourcesBuildPhase section */

/* Begin PBXTargetDependency section */
		466BCB941D9F162D00DDC88D /* PBXTargetDependency */ = {
			isa = PBXTargetDependency;
			target = 466BCB7D1D9F162D00DDC88D /* DemoWork */;
			targetProxy = 466BCB931D9F162D00DDC88D /* PBXContainerItemProxy */;
		};
		466BCB9F1D9F162D00DDC88D /* PBXTargetDependency */ = {
			isa = PBXTargetDependency;
			target = 466BCB7D1D9F162D00DDC88D /* DemoWork */;
			targetProxy = 466BCB9E1D9F162D00DDC88D /* PBXContainerItemProxy */;
		};
/* End PBXTargetDependency section */

/* Begin PBXVariantGroup section */
		466BCB8A1D9F162D00DDC88D /* LaunchScreen.storyboard */ = {
			isa = PBXVariantGroup;
			children = (
				466BCB8B1D9F162D00DDC88D /* Base */,
			);
			name = LaunchScreen.storyboard;
			sourceTree = "<group>";
		};
/* End PBXVariantGroup section */

/* Begin XCBuildConfiguration section */
		466BCBA41D9F162D00DDC88D /* Debug */ = {
			isa = XCBuildConfiguration;
			buildSettings = {
				ALWAYS_SEARCH_USER_PATHS = NO;
				CLANG_ANALYZER_NONNULL = YES;
				CLANG_CXX_LANGUAGE_STANDARD = "gnu++0x";
				CLANG_CXX_LIBRARY = "libc++";
				CLANG_ENABLE_MODULES = YES;
				CLANG_ENABLE_OBJC_ARC = YES;
				CLANG_WARN_BOOL_CONVERSION = YES;
				CLANG_WARN_CONSTANT_CONVERSION = YES;
				CLANG_WARN_DIRECT_OBJC_ISA_USAGE = YES_ERROR;
				CLANG_WARN_EMPTY_BODY = YES;
				CLANG_WARN_ENUM_CONVERSION = YES;
				CLANG_WARN_INT_CONVERSION = YES;
				CLANG_WARN_OBJC_ROOT_CLASS = YES_ERROR;
				CLANG_WARN_UNREACHABLE_CODE = YES;
				CLANG_WARN__DUPLICATE_METHOD_MATCH = YES;
				"CODE_SIGN_IDENTITY[sdk=iphoneos*]" = "iPhone Developer";
				COPY_PHASE_STRIP = NO;
				DEBUG_INFORMATION_FORMAT = dwarf;
				ENABLE_STRICT_OBJC_MSGSEND = YES;
				ENABLE_TESTABILITY = YES;
				GCC_C_LANGUAGE_STANDARD = gnu99;
				GCC_DYNAMIC_NO_PIC = NO;
				GCC_NO_COMMON_BLOCKS = YES;
				GCC_OPTIMIZATION_LEVEL = 0;
				GCC_PREPROCESSOR_DEFINITIONS = (
					"DEBUG=1",
					"$(inherited)",
				);
				GCC_WARN_64_TO_32_BIT_CONVERSION = YES;
				GCC_WARN_ABOUT_RETURN_TYPE = YES_ERROR;
				GCC_WARN_UNDECLARED_SELECTOR = YES;
				GCC_WARN_UNINITIALIZED_AUTOS = YES_AGGRESSIVE;
				GCC_WARN_UNUSED_FUNCTION = YES;
				GCC_WARN_UNUSED_VARIABLE = YES;
				IPHONEOS_DEPLOYMENT_TARGET = 9.3;
				MTL_ENABLE_DEBUG_INFO = YES;
				ONLY_ACTIVE_ARCH = YES;
				SDKROOT = iphoneos;
				SWIFT_OPTIMIZATION_LEVEL = "-Onone";
				TARGETED_DEVICE_FAMILY = "1,2";
			};
			name = Debug;
		};
		466BCBA51D9F162D00DDC88D /* Release */ = {
			isa = XCBuildConfiguration;
			buildSettings = {
				ALWAYS_SEARCH_USER_PATHS = NO;
				CLANG_ANALYZER_NONNULL = YES;
				CLANG_CXX_LANGUAGE_STANDARD = "gnu++0x";
				CLANG_CXX_LIBRARY = "libc++";
				CLANG_ENABLE_MODULES = YES;
				CLANG_ENABLE_OBJC_ARC = YES;
				CLANG_WARN_BOOL_CONVERSION = YES;
				CLANG_WARN_CONSTANT_CONVERSION = YES;
				CLANG_WARN_DIRECT_OBJC_ISA_USAGE = YES_ERROR;
				CLANG_WARN_EMPTY_BODY = YES;
				CLANG_WARN_ENUM_CONVERSION = YES;
				CLANG_WARN_INT_CONVERSION = YES;
				CLANG_WARN_OBJC_ROOT_CLASS = YES_ERROR;
				CLANG_WARN_UNREACHABLE_CODE = YES;
				CLANG_WARN__DUPLICATE_METHOD_MATCH = YES;
				"CODE_SIGN_IDENTITY[sdk=iphoneos*]" = "iPhone Developer";
				COPY_PHASE_STRIP = NO;
				DEBUG_INFORMATION_FORMAT = "dwarf-with-dsym";
				ENABLE_NS_ASSERTIONS = NO;
				ENABLE_STRICT_OBJC_MSGSEND = YES;
				GCC_C_LANGUAGE_STANDARD = gnu99;
				GCC_NO_COMMON_BLOCKS = YES;
				GCC_WARN_64_TO_32_BIT_CONVERSION = YES;
				GCC_WARN_ABOUT_RETURN_TYPE = YES_ERROR;
				GCC_WARN_UNDECLARED_SELECTOR = YES;
				GCC_WARN_UNINITIALIZED_AUTOS = YES_AGGRESSIVE;
				GCC_WARN_UNUSED_FUNCTION = YES;
				GCC_WARN_UNUSED_VARIABLE = YES;
				IPHONEOS_DEPLOYMENT_TARGET = 9.3;
				MTL_ENABLE_DEBUG_INFO = NO;
				SDKROOT = iphoneos;
				TARGETED_DEVICE_FAMILY = "1,2";
				VALIDATE_PRODUCT = YES;
			};
			name = Release;
		};
		466BCBA71D9F162D00DDC88D /* Debug */ = {
			isa = XCBuildConfiguration;
			buildSettings = {
				ASSETCATALOG_COMPILER_APPICON_NAME = AppIcon;
				CODE_SIGN_IDENTITY = "iPhone Distribution: A-1 Technology Inc";
				"CODE_SIGN_IDENTITY[sdk=iphoneos*]" = "iPhone Distribution: A-1 Technology Inc";
				INFOPLIST_FILE = DemoWork/Info.plist;
				LD_RUNPATH_SEARCH_PATHS = "$(inherited) @executable_path/Frameworks";
				PRODUCT_BUNDLE_IDENTIFIER = com.a1distribute.DemoWrok;
				PRODUCT_NAME = "$(TARGET_NAME)";
				PROVISIONING_PROFILE = "80cde91c-f5f4-4ec4-bfd8-450c321bd425";
				SWIFT_VERSION = 3.0;
			};
			name = Debug;
		};
		466BCBA81D9F162D00DDC88D /* Release */ = {
			isa = XCBuildConfiguration;
			buildSettings = {
				ASSETCATALOG_COMPILER_APPICON_NAME = AppIcon;
				CODE_SIGN_IDENTITY = "iPhone Distribution: A-1 Technology Inc";
				"CODE_SIGN_IDENTITY[sdk=iphoneos*]" = "iPhone Distribution: A-1 Technology Inc";
				INFOPLIST_FILE = DemoWork/Info.plist;
				LD_RUNPATH_SEARCH_PATHS = "$(inherited) @executable_path/Frameworks";
				PRODUCT_BUNDLE_IDENTIFIER = com.a1distribute.DemoWrok;
				PRODUCT_NAME = "$(TARGET_NAME)";
				PROVISIONING_PROFILE = "80cde91c-f5f4-4ec4-bfd8-450c321bd425";
				SWIFT_VERSION = 3.0;
			};
			name = Release;
		};
		466BCBAA1D9F162D00DDC88D /* Debug */ = {
			isa = XCBuildConfiguration;
			buildSettings = {
				BUNDLE_LOADER = "$(TEST_HOST)";
				INFOPLIST_FILE = DemoWorkTests/Info.plist;
				LD_RUNPATH_SEARCH_PATHS = "$(inherited) @executable_path/Frameworks @loader_path/Frameworks";
				PRODUCT_BUNDLE_IDENTIFIER = com.chandan.DemoWorkTests;
				PRODUCT_NAME = "$(TARGET_NAME)";
				SWIFT_VERSION = 3.0;
				TEST_HOST = "$(BUILT_PRODUCTS_DIR)/DemoWork.app/DemoWork";
			};
			name = Debug;
		};
		466BCBAB1D9F162D00DDC88D /* Release */ = {
			isa = XCBuildConfiguration;
			buildSettings = {
				BUNDLE_LOADER = "$(TEST_HOST)";
				INFOPLIST_FILE = DemoWorkTests/Info.plist;
				LD_RUNPATH_SEARCH_PATHS = "$(inherited) @executable_path/Frameworks @loader_path/Frameworks";
				PRODUCT_BUNDLE_IDENTIFIER = com.chandan.DemoWorkTests;
				PRODUCT_NAME = "$(TARGET_NAME)";
				SWIFT_VERSION = 3.0;
				TEST_HOST = "$(BUILT_PRODUCTS_DIR)/DemoWork.app/DemoWork";
			};
			name = Release;
		};
		466BCBAD1D9F162D00DDC88D /* Debug */ = {
			isa = XCBuildConfiguration;
			buildSettings = {
				INFOPLIST_FILE = DemoWorkUITests/Info.plist;
				LD_RUNPATH_SEARCH_PATHS = "$(inherited) @executable_path/Frameworks @loader_path/Frameworks";
				PRODUCT_BUNDLE_IDENTIFIER = com.chandan.DemoWorkUITests;
				PRODUCT_NAME = "$(TARGET_NAME)";
				SWIFT_VERSION = 3.0;
				TEST_TARGET_NAME = DemoWork;
			};
			name = Debug;
		};
		466BCBAE1D9F162D00DDC88D /* Release */ = {
			isa = XCBuildConfiguration;
			buildSettings = {
				INFOPLIST_FILE = DemoWorkUITests/Info.plist;
				LD_RUNPATH_SEARCH_PATHS = "$(inherited) @executable_path/Frameworks @loader_path/Frameworks";
				PRODUCT_BUNDLE_IDENTIFIER = com.chandan.DemoWorkUITests;
				PRODUCT_NAME = "$(TARGET_NAME)";
				SWIFT_VERSION = 3.0;
				TEST_TARGET_NAME = DemoWork;
			};
			name = Release;
		};
/* End XCBuildConfiguration section */

/* Begin XCConfigurationList section */
		466BCB791D9F162D00DDC88D /* Build configuration list for PBXProject "DemoWork" */ = {
			isa = XCConfigurationList;
			buildConfigurations = (
				466BCBA41D9F162D00DDC88D /* Debug */,
				466BCBA51D9F162D00DDC88D /* Release */,
			);
			defaultConfigurationIsVisible = 0;
			defaultConfigurationName = Release;
		};
		466BCBA61D9F162D00DDC88D /* Build configuration list for PBXNativeTarget "DemoWork" */ = {
			isa = XCConfigurationList;
			buildConfigurations = (
				466BCBA71D9F162D00DDC88D /* Debug */,
				466BCBA81D9F162D00DDC88D /* Release */,
			);
			defaultConfigurationIsVisible = 0;
			defaultConfigurationName = Release;
		};
		466BCBA91D9F162D00DDC88D /* Build configuration list for PBXNativeTarget "DemoWorkTests" */ = {
			isa = XCConfigurationList;
			buildConfigurations = (
				466BCBAA1D9F162D00DDC88D /* Debug */,
				466BCBAB1D9F162D00DDC88D /* Release */,
			);
			defaultConfigurationIsVisible = 0;
			defaultConfigurationName = Release;
		};
		466BCBAC1D9F162D00DDC88D /* Build configuration list for PBXNativeTarget "DemoWorkUITests" */ = {
			isa = XCConfigurationList;
			buildConfigurations = (
				466BCBAD1D9F162D00DDC88D /* Debug */,
				466BCBAE1D9F162D00DDC88D /* Release */,
			);
			defaultConfigurationIsVisible = 0;
			defaultConfigurationName = Release;
		};
/* End XCConfigurationList section */
	};
	rootObject = 466BCB761D9F162D00DDC88D /* Project object */;
}
